
Microsoft Visual Studio Solution File, Format Version 9.00
# Visual Studio 2005
Project("{1863889A-00DF-4350-BA39-669CA949CB81}") = "Mappositions", "Mappositions.phpproj", "{2FA5D7A8-0878-4439-B5C9-C539FEB67DCD}"
EndProject
Global
	GlobalSection(SolutionConfigurationPlatforms) = preSolution
		Lokal|PHP 5 = Lokal|PHP 5
		Produktion|PHP 5 = Produktion|PHP 5
		Staging|PHP 5 = Staging|PHP 5
	EndGlobalSection
	GlobalSection(ProjectConfigurationPlatforms) = postSolution
		{2FA5D7A8-0878-4439-B5C9-C539FEB67DCD}.Lokal|PHP 5.ActiveCfg = Lokal|PHP 5
		{2FA5D7A8-0878-4439-B5C9-C539FEB67DCD}.Lokal|PHP 5.Deploy.0 = Lokal|PHP 5
		{2FA5D7A8-0878-4439-B5C9-C539FEB67DCD}.Produktion|PHP 5.ActiveCfg = Produktion|PHP 5
		{2FA5D7A8-0878-4439-B5C9-C539FEB67DCD}.Produktion|PHP 5.Deploy.0 = Produktion|PHP 5
		{2FA5D7A8-0878-4439-B5C9-C539FEB67DCD}.Staging|PHP 5.ActiveCfg = Staging|PHP 5
		{2FA5D7A8-0878-4439-B5C9-C539FEB67DCD}.Staging|PHP 5.Deploy.0 = Staging|PHP 5
	EndGlobalSection
	GlobalSection(SolutionProperties) = preSolution
		HideSolutionNode = FALSE
	EndGlobalSection
EndGlobal
